
Microsoft Visual Studio Solution File, Format Version 12.00
# Visual Studio Version 16
VisualStudioVersion = 16.0.30611.23
MinimumVisualStudioVersion = 10.0.40219.1
Project("{FAE04EC0-301F-11D3-BF4B-00C04F79EFBC}") = "FunWithResources", "FunWithResources\FunWithResources.csproj", "{B4BB43FB-9004-4920-8D2A-046366A2E8A5}"
EndProject
Global
	GlobalSection(SolutionConfigurationPlatforms) = preSolution
		Debug|Any CPU = Debug|Any CPU
		Release|Any CPU = Release|Any CPU
	EndGlobalSection
	GlobalSection(ProjectConfigurationPlatforms) = postSolution
		{B4BB43FB-9004-4920-8D2A-046366A2E8A5}.Debug|Any CPU.ActiveCfg = Debug|Any CPU
		{B4BB43FB-9004-4920-8D2A-046366A2E8A5}.Debug|Any CPU.Build.0 = Debug|Any CPU
		{B4BB43FB-9004-4920-8D2A-046366A2E8A5}.Release|Any CPU.ActiveCfg = Release|Any CPU
		{B4BB43FB-9004-4920-8D2A-046366A2E8A5}.Release|Any CPU.Build.0 = Release|Any CPU
	EndGlobalSection
	GlobalSection(SolutionProperties) = preSolution
		HideSolutionNode = FALSE
	EndGlobalSection
	GlobalSection(ExtensibilityGlobals) = postSolution
		SolutionGuid = {564C97BD-07F6-4EF1-B361-4CE06FE525BC}
	EndGlobalSection
EndGlobal
