
Microsoft Visual Studio Solution File, Format Version 12.00
# Visual Studio Version 16
VisualStudioVersion = 16.0.30611.23
MinimumVisualStudioVersion = 10.0.40219.1
Project("{FAE04EC0-301F-11D3-BF4B-00C04F79EFBC}") = "FunWithReflection", "FunWithReflection\FunWithReflection.csproj", "{21D78A90-36C8-4A60-91A2-739C945EBFEC}"
EndProject
Global
	GlobalSection(SolutionConfigurationPlatforms) = preSolution
		Debug|Any CPU = Debug|Any CPU
		Release|Any CPU = Release|Any CPU
	EndGlobalSection
	GlobalSection(ProjectConfigurationPlatforms) = postSolution
		{21D78A90-36C8-4A60-91A2-739C945EBFEC}.Debug|Any CPU.ActiveCfg = Debug|Any CPU
		{21D78A90-36C8-4A60-91A2-739C945EBFEC}.Debug|Any CPU.Build.0 = Debug|Any CPU
		{21D78A90-36C8-4A60-91A2-739C945EBFEC}.Release|Any CPU.ActiveCfg = Release|Any CPU
		{21D78A90-36C8-4A60-91A2-739C945EBFEC}.Release|Any CPU.Build.0 = Release|Any CPU
	EndGlobalSection
	GlobalSection(SolutionProperties) = preSolution
		HideSolutionNode = FALSE
	EndGlobalSection
	GlobalSection(ExtensibilityGlobals) = postSolution
		SolutionGuid = {0E15C8CA-DB0B-4469-A045-7DA0B7B51214}
	EndGlobalSection
EndGlobal
