
Microsoft Visual Studio Solution File, Format Version 12.00
# Visual Studio Version 16
VisualStudioVersion = 16.0.30320.27
MinimumVisualStudioVersion = 10.0.40219.1
Project("{FAE04EC0-301F-11D3-BF4B-00C04F79EFBC}") = "FunWithGenerics", "FunWithGenerics\FunWithGenerics.csproj", "{6A6091E1-3661-45E9-82A0-2FD332BFAEBC}"
EndProject
Global
	GlobalSection(SolutionConfigurationPlatforms) = preSolution
		Debug|Any CPU = Debug|Any CPU
		Release|Any CPU = Release|Any CPU
	EndGlobalSection
	GlobalSection(ProjectConfigurationPlatforms) = postSolution
		{6A6091E1-3661-45E9-82A0-2FD332BFAEBC}.Debug|Any CPU.ActiveCfg = Debug|Any CPU
		{6A6091E1-3661-45E9-82A0-2FD332BFAEBC}.Debug|Any CPU.Build.0 = Debug|Any CPU
		{6A6091E1-3661-45E9-82A0-2FD332BFAEBC}.Release|Any CPU.ActiveCfg = Release|Any CPU
		{6A6091E1-3661-45E9-82A0-2FD332BFAEBC}.Release|Any CPU.Build.0 = Release|Any CPU
	EndGlobalSection
	GlobalSection(SolutionProperties) = preSolution
		HideSolutionNode = FALSE
	EndGlobalSection
	GlobalSection(ExtensibilityGlobals) = postSolution
		SolutionGuid = {56D82297-E172-412A-BCE0-7D546B2A97BC}
	EndGlobalSection
EndGlobal
