
Microsoft Visual Studio Solution File, Format Version 12.00
# Visual Studio Version 16
VisualStudioVersion = 16.0.30611.23
MinimumVisualStudioVersion = 10.0.40219.1
Project("{FAE04EC0-301F-11D3-BF4B-00C04F79EFBC}") = "FunWithDelegates", "FunWithDelegates\FunWithDelegates.csproj", "{0C07D552-2BAD-4CAD-B602-8F5F2FDBF5E5}"
EndProject
Global
	GlobalSection(SolutionConfigurationPlatforms) = preSolution
		Debug|Any CPU = Debug|Any CPU
		Release|Any CPU = Release|Any CPU
	EndGlobalSection
	GlobalSection(ProjectConfigurationPlatforms) = postSolution
		{0C07D552-2BAD-4CAD-B602-8F5F2FDBF5E5}.Debug|Any CPU.ActiveCfg = Debug|Any CPU
		{0C07D552-2BAD-4CAD-B602-8F5F2FDBF5E5}.Debug|Any CPU.Build.0 = Debug|Any CPU
		{0C07D552-2BAD-4CAD-B602-8F5F2FDBF5E5}.Release|Any CPU.ActiveCfg = Release|Any CPU
		{0C07D552-2BAD-4CAD-B602-8F5F2FDBF5E5}.Release|Any CPU.Build.0 = Release|Any CPU
	EndGlobalSection
	GlobalSection(SolutionProperties) = preSolution
		HideSolutionNode = FALSE
	EndGlobalSection
	GlobalSection(ExtensibilityGlobals) = postSolution
		SolutionGuid = {0075AB32-B792-4821-84D1-6FE00C264102}
	EndGlobalSection
EndGlobal
